// !$*UTF8*$!
{
	archiveVersion = 1;
	classes = {
	};
	objectVersion = 77;
	objects = {

/* Begin PBXBuildFile section */
		AAEF76602E71AA6000C40C1B /* Alamofire in Frameworks */ = {isa = PBXBuildFile; productRef = AAEF765F2E71AA6000C40C1B /* Alamofire */; };
		AAEF76632E71AE4700C40C1B /* netfox in Frameworks */ = {isa = PBXBuildFile; productRef = AAEF76622E71AE4700C40C1B /* netfox */; };
/* End PBXBuildFile section */

/* Begin PBXContainerItemProxy section */
		AAE9CB072E3DD62E000904E1 /* PBXContainerItemProxy */ = {
			isa = PBXContainerItemProxy;
			containerPortal = AAE9CAF12E3DD62C000904E1 /* Project object */;
			proxyType = 1;
			remoteGlobalIDString = AAE9CAF82E3DD62C000904E1;
			remoteInfo = GitHub;
		};
		AAE9CB112E3DD62E000904E1 /* PBXContainerItemProxy */ = {
			isa = PBXContainerItemProxy;
			containerPortal = AAE9CAF12E3DD62C000904E1 /* Project object */;
			proxyType = 1;
			remoteGlobalIDString = AAE9CAF82E3DD62C000904E1;
			remoteInfo = GitHub;
		};
/* End PBXContainerItemProxy section */

/* Begin PBXFileReference section */
		AAE9CAF92E3DD62C000904E1 /* GitHub.app */ = {isa = PBXFileReference; explicitFileType = wrapper.application; includeInIndex = 0; path = GitHub.app; sourceTree = BUILT_PRODUCTS_DIR; };
		AAE9CB062E3DD62E000904E1 /* GitHubTests.xctest */ = {isa = PBXFileReference; explicitFileType = wrapper.cfbundle; includeInIndex = 0; path = GitHubTests.xctest; sourceTree = BUILT_PRODUCTS_DIR; };
		AAE9CB102E3DD62E000904E1 /* GitHubUITests.xctest */ = {isa = PBXFileReference; explicitFileType = wrapper.cfbundle; includeInIndex = 0; path = GitHubUITests.xctest; sourceTree = BUILT_PRODUCTS_DIR; };
/* End PBXFileReference section */

/* Begin PBXFileSystemSynchronizedBuildFileExceptionSet section */
		AAEF76722E71CC0600C40C1B /* Exceptions for "GitHub" folder in "GitHub" target */ = {
			isa = PBXFileSystemSynchronizedBuildFileExceptionSet;
			membershipExceptions = (
				Info.plist,
			);
			target = AAE9CAF82E3DD62C000904E1 /* GitHub */;
		};
/* End PBXFileSystemSynchronizedBuildFileExceptionSet section */

/* Begin PBXFileSystemSynchronizedRootGroup section */
		AAE9CAFB2E3DD62C000904E1 /* GitHub */ = {
			isa = PBXFileSystemSynchronizedRootGroup;
			exceptions = (
				AAEF76722E71CC0600C40C1B /* Exceptions for "GitHub" folder in "GitHub" target */,
			);
			path = GitHub;
			sourceTree = "<group>";
		};
		AAE9CB092E3DD62E000904E1 /* GitHubTests */ = {
			isa = PBXFileSystemSynchronizedRootGroup;
			path = GitHubTests;
			sourceTree = "<group>";
		};
		AAE9CB132E3DD62E000904E1 /* GitHubUITests */ = {
			isa = PBXFileSystemSynchronizedRootGroup;
			path = GitHubUITests;
			sourceTree = "<group>";
		};
/* End PBXFileSystemSynchronizedRootGroup section */

/* Begin PBXFrameworksBuildPhase section */
		AAE9CAF62E3DD62C000904E1 /* Frameworks */ = {
			isa = PBXFrameworksBuildPhase;
			buildActionMask = 2147483647;
			files = (
				AAEF76632E71AE4700C40C1B /* netfox in Frameworks */,
				AAEF76602E71AA6000C40C1B /* Alamofire in Frameworks */,
			);
			runOnlyForDeploymentPostprocessing = 0;
		};
		AAE9CB032E3DD62E000904E1 /* Frameworks */ = {
			isa = PBXFrameworksBuildPhase;
			buildActionMask = 2147483647;
			files = (
			);
			runOnlyForDeploymentPostprocessing = 0;
		};
		AAE9CB0D2E3DD62E000904E1 /* Frameworks */ = {
			isa = PBXFrameworksBuildPhase;
			buildActionMask = 2147483647;
			files = (
			);
			runOnlyForDeploymentPostprocessing = 0;
		};
/* End PBXFrameworksBuildPhase section */

/* Begin PBXGroup section */
		AAE9CAF02E3DD62C000904E1 = {
			isa = PBXGroup;
			children = (
				AAE9CAFB2E3DD62C000904E1 /* GitHub */,
				AAE9CB092E3DD62E000904E1 /* GitHubTests */,
				AAE9CB132E3DD62E000904E1 /* GitHubUITests */,
				AAE9CAFA2E3DD62C000904E1 /* Products */,
			);
			sourceTree = "<group>";
		};
		AAE9CAFA2E3DD62C000904E1 /* Products */ = {
			isa = PBXGroup;
			children = (
				AAE9CAF92E3DD62C000904E1 /* GitHub.app */,
				AAE9CB062E3DD62E000904E1 /* GitHubTests.xctest */,
				AAE9CB102E3DD62E000904E1 /* GitHubUITests.xctest */,
			);
			name = Products;
			sourceTree = "<group>";
		};
/* End PBXGroup section */

/* Begin PBXNativeTarget section */
		AAE9CAF82E3DD62C000904E1 /* GitHub */ = {
			isa = PBXNativeTarget;
			buildConfigurationList = AAE9CB1A2E3DD62E000904E1 /* Build configuration list for PBXNativeTarget "GitHub" */;
			buildPhases = (
				AAE9CAF52E3DD62C000904E1 /* Sources */,
				AAE9CAF62E3DD62C000904E1 /* Frameworks */,
				AAE9CAF72E3DD62C000904E1 /* Resources */,
			);
			buildRules = (
			);
			dependencies = (
			);
			fileSystemSynchronizedGroups = (
				AAE9CAFB2E3DD62C000904E1 /* GitHub */,
			);
			name = GitHub;
			packageProductDependencies = (
				AAEF765F2E71AA6000C40C1B /* Alamofire */,
				AAEF76622E71AE4700C40C1B /* netfox */,
			);
			productName = GitHub;
			productReference = AAE9CAF92E3DD62C000904E1 /* GitHub.app */;
			productType = "com.apple.product-type.application";
		};
		AAE9CB052E3DD62E000904E1 /* GitHubTests */ = {
			isa = PBXNativeTarget;
			buildConfigurationList = AAE9CB1D2E3DD62E000904E1 /* Build configuration list for PBXNativeTarget "GitHubTests" */;
			buildPhases = (
				AAE9CB022E3DD62E000904E1 /* Sources */,
				AAE9CB032E3DD62E000904E1 /* Frameworks */,
				AAE9CB042E3DD62E000904E1 /* Resources */,
			);
			buildRules = (
			);
			dependencies = (
				AAE9CB082E3DD62E000904E1 /* PBXTargetDependency */,
			);
			fileSystemSynchronizedGroups = (
				AAE9CB092E3DD62E000904E1 /* GitHubTests */,
			);
			name = GitHubTests;
			packageProductDependencies = (
			);
			productName = GitHubTests;
			productReference = AAE9CB062E3DD62E000904E1 /* GitHubTests.xctest */;
			productType = "com.apple.product-type.bundle.unit-test";
		};
		AAE9CB0F2E3DD62E000904E1 /* GitHubUITests */ = {
			isa = PBXNativeTarget;
			buildConfigurationList = AAE9CB202E3DD62E000904E1 /* Build configuration list for PBXNativeTarget "GitHubUITests" */;
			buildPhases = (
				AAE9CB0C2E3DD62E000904E1 /* Sources */,
				AAE9CB0D2E3DD62E000904E1 /* Frameworks */,
				AAE9CB0E2E3DD62E000904E1 /* Resources */,
			);
			buildRules = (
			);
			dependencies = (
				AAE9CB122E3DD62E000904E1 /* PBXTargetDependency */,
			);
			fileSystemSynchronizedGroups = (
				AAE9CB132E3DD62E000904E1 /* GitHubUITests */,
			);
			name = GitHubUITests;
			packageProductDependencies = (
			);
			productName = GitHubUITests;
			productReference = AAE9CB102E3DD62E000904E1 /* GitHubUITests.xctest */;
			productType = "com.apple.product-type.bundle.ui-testing";
		};
/* End PBXNativeTarget section */

/* Begin PBXProject section */
		AAE9CAF12E3DD62C000904E1 /* Project object */ = {
			isa = PBXProject;
			attributes = {
				BuildIndependentTargetsInParallel = 1;
				LastSwiftUpdateCheck = 1640;
				LastUpgradeCheck = 1640;
				TargetAttributes = {
					AAE9CAF82E3DD62C000904E1 = {
						CreatedOnToolsVersion = 16.4;
					};
					AAE9CB052E3DD62E000904E1 = {
						CreatedOnToolsVersion = 16.4;
						TestTargetID = AAE9CAF82E3DD62C000904E1;
					};
					AAE9CB0F2E3DD62E000904E1 = {
						CreatedOnToolsVersion = 16.4;
						TestTargetID = AAE9CAF82E3DD62C000904E1;
					};
				};
			};
			buildConfigurationList = AAE9CAF42E3DD62C000904E1 /* Build configuration list for PBXProject "GitHub" */;
			developmentRegion = en;
			hasScannedForEncodings = 0;
			knownRegions = (
				en,
				Base,
			);
			mainGroup = AAE9CAF02E3DD62C000904E1;
			minimizedProjectReferenceProxies = 1;
			packageReferences = (
				AAEF765E2E71AA6000C40C1B /* XCRemoteSwiftPackageReference "Alamofire" */,
				AAEF76612E71AE4700C40C1B /* XCRemoteSwiftPackageReference "netfox" */,
			);
			preferredProjectObjectVersion = 77;
			productRefGroup = AAE9CAFA2E3DD62C000904E1 /* Products */;
			projectDirPath = "";
			projectRoot = "";
			targets = (
				AAE9CAF82E3DD62C000904E1 /* GitHub */,
				AAE9CB052E3DD62E000904E1 /* GitHubTests */,
				AAE9CB0F2E3DD62E000904E1 /* GitHubUITests */,
			);
		};
/* End PBXProject section */

/* Begin PBXResourcesBuildPhase section */
		AAE9CAF72E3DD62C000904E1 /* Resources */ = {
			isa = PBXResourcesBuildPhase;
			buildActionMask = 2147483647;
			files = (
			);
			runOnlyForDeploymentPostprocessing = 0;
		};
		AAE9CB042E3DD62E000904E1 /* Resources */ = {
			isa = PBXResourcesBuildPhase;
			buildActionMask = 2147483647;
			files = (
			);
			runOnlyForDeploymentPostprocessing = 0;
		};
		AAE9CB0E2E3DD62E000904E1 /* Resources */ = {
			isa = PBXResourcesBuildPhase;
			buildActionMask = 2147483647;
			files = (
			);
			runOnlyForDeploymentPostprocessing = 0;
		};
/* End PBXResourcesBuildPhase section */

/* Begin PBXSourcesBuildPhase section */
		AAE9CAF52E3DD62C000904E1 /* Sources */ = {
			isa = PBXSourcesBuildPhase;
			buildActionMask = 2147483647;
			files = (
			);
			runOnlyForDeploymentPostprocessing = 0;
		};
		AAE9CB022E3DD62E000904E1 /* Sources */ = {
			isa = PBXSourcesBuildPhase;
			buildActionMask = 2147483647;
			files = (
			);
			runOnlyForDeploymentPostprocessing = 0;
		};
		AAE9CB0C2E3DD62E000904E1 /* Sources */ = {
			isa = PBXSourcesBuildPhase;
			buildActionMask = 2147483647;
			files = (
			);
			runOnlyForDeploymentPostprocessing = 0;
		};
/* End PBXSourcesBuildPhase section */

/* Begin PBXTargetDependency section */
		AAE9CB082E3DD62E000904E1 /* PBXTargetDependency */ = {
			isa = PBXTargetDependency;
			target = AAE9CAF82E3DD62C000904E1 /* GitHub */;
			targetProxy = AAE9CB072E3DD62E000904E1 /* PBXContainerItemProxy */;
		};
		AAE9CB122E3DD62E000904E1 /* PBXTargetDependency */ = {
			isa = PBXTargetDependency;
			target = AAE9CAF82E3DD62C000904E1 /* GitHub */;
			targetProxy = AAE9CB112E3DD62E000904E1 /* PBXContainerItemProxy */;
		};
/* End PBXTargetDependency section */

/* Begin XCBuildConfiguration section */
		AAE9CB182E3DD62E000904E1 /* Debug */ = {
			isa = XCBuildConfiguration;
			baseConfigurationReferenceAnchor = AAE9CAFB2E3DD62C000904E1 /* GitHub */;
			baseConfigurationReferenceRelativePath = AppEnviroment/Staging.xcconfig;
			buildSettings = {
				ALWAYS_SEARCH_USER_PATHS = NO;
				ASSETCATALOG_COMPILER_GENERATE_SWIFT_ASSET_SYMBOL_EXTENSIONS = YES;
				CLANG_ANALYZER_NONNULL = YES;
				CLANG_ANALYZER_NUMBER_OBJECT_CONVERSION = YES_AGGRESSIVE;
				CLANG_CXX_LANGUAGE_STANDARD = "gnu++20";
				CLANG_ENABLE_MODULES = YES;
				CLANG_ENABLE_OBJC_ARC = YES;
				CLANG_ENABLE_OBJC_WEAK = YES;
				CLANG_WARN_BLOCK_CAPTURE_AUTORELEASING = YES;
				CLANG_WARN_BOOL_CONVERSION = YES;
				CLANG_WARN_COMMA = YES;
				CLANG_WARN_CONSTANT_CONVERSION = YES;
				CLANG_WARN_DEPRECATED_OBJC_IMPLEMENTATIONS = YES;
				CLANG_WARN_DIRECT_OBJC_ISA_USAGE = YES_ERROR;
				CLANG_WARN_DOCUMENTATION_COMMENTS = YES;
				CLANG_WARN_EMPTY_BODY = YES;
				CLANG_WARN_ENUM_CONVERSION = YES;
				CLANG_WARN_INFINITE_RECURSION = YES;
				CLANG_WARN_INT_CONVERSION = YES;
				CLANG_WARN_NON_LITERAL_NULL_CONVERSION = YES;
				CLANG_WARN_OBJC_IMPLICIT_RETAIN_SELF = YES;
				CLANG_WARN_OBJC_LITERAL_CONVERSION = YES;
				CLANG_WARN_OBJC_ROOT_CLASS = YES_ERROR;
				CLANG_WARN_QUOTED_INCLUDE_IN_FRAMEWORK_HEADER = YES;
				CLANG_WARN_RANGE_LOOP_ANALYSIS = YES;
				CLANG_WARN_STRICT_PROTOTYPES = YES;
				CLANG_WARN_SUSPICIOUS_MOVE = YES;
				CLANG_WARN_UNGUARDED_AVAILABILITY = YES_AGGRESSIVE;
				CLANG_WARN_UNREACHABLE_CODE = YES;
				CLANG_WARN__DUPLICATE_METHOD_MATCH = YES;
				COPY_PHASE_STRIP = NO;
				DEBUG_INFORMATION_FORMAT = dwarf;
				DEVELOPMENT_TEAM = MSF663W3L5;
				ENABLE_STRICT_OBJC_MSGSEND = YES;
				ENABLE_TESTABILITY = YES;
				ENABLE_USER_SCRIPT_SANDBOXING = NO;
				GCC_C_LANGUAGE_STANDARD = gnu17;
				GCC_DYNAMIC_NO_PIC = NO;
				GCC_NO_COMMON_BLOCKS = YES;
				GCC_OPTIMIZATION_LEVEL = 0;
				GCC_PREPROCESSOR_DEFINITIONS = (
					"DEBUG=1",
					"$(inherited)",
				);
				GCC_WARN_64_TO_32_BIT_CONVERSION = YES;
				GCC_WARN_ABOUT_RETURN_TYPE = YES_ERROR;
				GCC_WARN_UNDECLARED_SELECTOR = YES;
				GCC_WARN_UNINITIALIZED_AUTOS = YES_AGGRESSIVE;
				GCC_WARN_UNUSED_FUNCTION = YES;
				GCC_WARN_UNUSED_VARIABLE = YES;
				IPHONEOS_DEPLOYMENT_TARGET = 18.5;
				LOCALIZATION_PREFERS_STRING_CATALOGS = YES;
				MTL_ENABLE_DEBUG_INFO = INCLUDE_SOURCE;
				MTL_FAST_MATH = YES;
				ONLY_ACTIVE_ARCH = YES;
				SDKROOT = iphoneos;
				SWIFT_ACTIVE_COMPILATION_CONDITIONS = "DEBUG $(inherited)";
				SWIFT_OPTIMIZATION_LEVEL = "-Onone";
			};
			name = Debug;
		};
		AAE9CB192E3DD62E000904E1 /* Release */ = {
			isa = XCBuildConfiguration;
			baseConfigurationReferenceAnchor = AAE9CAFB2E3DD62C000904E1 /* GitHub */;
			baseConfigurationReferenceRelativePath = AppEnviroment/Production.xcconfig;
			buildSettings = {
				ALWAYS_SEARCH_USER_PATHS = NO;
				ASSETCATALOG_COMPILER_GENERATE_SWIFT_ASSET_SYMBOL_EXTENSIONS = YES;
				CLANG_ANALYZER_NONNULL = YES;
				CLANG_ANALYZER_NUMBER_OBJECT_CONVERSION = YES_AGGRESSIVE;
				CLANG_CXX_LANGUAGE_STANDARD = "gnu++20";
				CLANG_ENABLE_MODULES = YES;
				CLANG_ENABLE_OBJC_ARC = YES;
				CLANG_ENABLE_OBJC_WEAK = YES;
				CLANG_WARN_BLOCK_CAPTURE_AUTORELEASING = YES;
				CLANG_WARN_BOOL_CONVERSION = YES;
				CLANG_WARN_COMMA = YES;
				CLANG_WARN_CONSTANT_CONVERSION = YES;
				CLANG_WARN_DEPRECATED_OBJC_IMPLEMENTATIONS = YES;
				CLANG_WARN_DIRECT_OBJC_ISA_USAGE = YES_ERROR;
				CLANG_WARN_DOCUMENTATION_COMMENTS = YES;
				CLANG_WARN_EMPTY_BODY = YES;
				CLANG_WARN_ENUM_CONVERSION = YES;
				CLANG_WARN_INFINITE_RECURSION = YES;
				CLANG_WARN_INT_CONVERSION = YES;
				CLANG_WARN_NON_LITERAL_NULL_CONVERSION = YES;
				CLANG_WARN_OBJC_IMPLICIT_RETAIN_SELF = YES;
				CLANG_WARN_OBJC_LITERAL_CONVERSION = YES;
				CLANG_WARN_OBJC_ROOT_CLASS = YES_ERROR;
				CLANG_WARN_QUOTED_INCLUDE_IN_FRAMEWORK_HEADER = YES;
				CLANG_WARN_RANGE_LOOP_ANALYSIS = YES;
				CLANG_WARN_STRICT_PROTOTYPES = YES;
				CLANG_WARN_SUSPICIOUS_MOVE = YES;
				CLANG_WARN_UNGUARDED_AVAILABILITY = YES_AGGRESSIVE;
				CLANG_WARN_UNREACHABLE_CODE = YES;
				CLANG_WARN__DUPLICATE_METHOD_MATCH = YES;
				COPY_PHASE_STRIP = NO;
				DEBUG_INFORMATION_FORMAT = "dwarf-with-dsym";
				DEVELOPMENT_TEAM = MSF663W3L5;
				ENABLE_NS_ASSERTIONS = NO;
				ENABLE_STRICT_OBJC_MSGSEND = YES;
				ENABLE_USER_SCRIPT_SANDBOXING = NO;
				GCC_C_LANGUAGE_STANDARD = gnu17;
				GCC_NO_COMMON_BLOCKS = YES;
				GCC_WARN_64_TO_32_BIT_CONVERSION = YES;
				GCC_WARN_ABOUT_RETURN_TYPE = YES_ERROR;
				GCC_WARN_UNDECLARED_SELECTOR = YES;
				GCC_WARN_UNINITIALIZED_AUTOS = YES_AGGRESSIVE;
				GCC_WARN_UNUSED_FUNCTION = YES;
				GCC_WARN_UNUSED_VARIABLE = YES;
				IPHONEOS_DEPLOYMENT_TARGET = 18.5;
				LOCALIZATION_PREFERS_STRING_CATALOGS = YES;
				MTL_ENABLE_DEBUG_INFO = NO;
				MTL_FAST_MATH = YES;
				SDKROOT = iphoneos;
				SWIFT_COMPILATION_MODE = wholemodule;
				VALIDATE_PRODUCT = YES;
			};
			name = Release;
		};
		AAE9CB1B2E3DD62E000904E1 /* Debug */ = {
			isa = XCBuildConfiguration;
			baseConfigurationReferenceAnchor = AAE9CAFB2E3DD62C000904E1 /* GitHub */;
			baseConfigurationReferenceRelativePath = AppEnviroment/Staging.xcconfig;
			buildSettings = {
				APP_BUNDLE_DISPLAY_NAME = "${APP_BUNDLE_DISPLAY_NAME}";
				ASSETCATALOG_COMPILER_APPICON_NAME = AppIcon;
				ASSETCATALOG_COMPILER_GLOBAL_ACCENT_COLOR_NAME = AccentColor;
				CODE_SIGN_STYLE = Automatic;
				CURRENT_PROJECT_VERSION = 1;
				DEVELOPMENT_TEAM = MSF663W3L5;
				ENABLE_PREVIEWS = YES;
				GENERATE_INFOPLIST_FILE = YES;
				INFOPLIST_FILE = GitHub/Info.plist;
				INFOPLIST_KEY_CFBundleDisplayName = Staging;
				INFOPLIST_KEY_UIApplicationSceneManifest_Generation = YES;
				INFOPLIST_KEY_UIApplicationSupportsIndirectInputEvents = YES;
				INFOPLIST_KEY_UILaunchScreen_Generation = YES;
				INFOPLIST_KEY_UISupportedInterfaceOrientations_iPad = "UIInterfaceOrientationPortrait UIInterfaceOrientationPortraitUpsideDown UIInterfaceOrientationLandscapeLeft UIInterfaceOrientationLandscapeRight";
				INFOPLIST_KEY_UISupportedInterfaceOrientations_iPhone = "UIInterfaceOrientationPortrait UIInterfaceOrientationLandscapeLeft UIInterfaceOrientationLandscapeRight";
				LD_RUNPATH_SEARCH_PATHS = (
					"$(inherited)",
					"@executable_path/Frameworks",
				);
				MARKETING_VERSION = 1.0;
				PRODUCT_BUNDLE_IDENTIFIER = "${APP_BUNDLE_IDENTIFIER}";
				PRODUCT_NAME = "$(TARGET_NAME)";
				SWIFT_EMIT_LOC_STRINGS = YES;
				SWIFT_VERSION = 5.0;
				TARGETED_DEVICE_FAMILY = "1,2";
			};
			name = Debug;
		};
		AAE9CB1C2E3DD62E000904E1 /* Release */ = {
			isa = XCBuildConfiguration;
			baseConfigurationReferenceAnchor = AAE9CAFB2E3DD62C000904E1 /* GitHub */;
			baseConfigurationReferenceRelativePath = AppEnviroment/Production.xcconfig;
			buildSettings = {
				APP_BUNDLE_DISPLAY_NAME = "${APP_BUNDLE_DISPLAY_NAME}";
				ASSETCATALOG_COMPILER_APPICON_NAME = AppIcon;
				ASSETCATALOG_COMPILER_GLOBAL_ACCENT_COLOR_NAME = AccentColor;
				CODE_SIGN_STYLE = Automatic;
				CURRENT_PROJECT_VERSION = 1;
				DEVELOPMENT_TEAM = MSF663W3L5;
				ENABLE_PREVIEWS = YES;
				GENERATE_INFOPLIST_FILE = YES;
				INFOPLIST_FILE = GitHub/Info.plist;
				INFOPLIST_KEY_CFBundleDisplayName = Staging;
				INFOPLIST_KEY_UIApplicationSceneManifest_Generation = YES;
				INFOPLIST_KEY_UIApplicationSupportsIndirectInputEvents = YES;
				INFOPLIST_KEY_UILaunchScreen_Generation = YES;
				INFOPLIST_KEY_UISupportedInterfaceOrientations_iPad = "UIInterfaceOrientationPortrait UIInterfaceOrientationPortraitUpsideDown UIInterfaceOrientationLandscapeLeft UIInterfaceOrientationLandscapeRight";
				INFOPLIST_KEY_UISupportedInterfaceOrientations_iPhone = "UIInterfaceOrientationPortrait UIInterfaceOrientationLandscapeLeft UIInterfaceOrientationLandscapeRight";
				LD_RUNPATH_SEARCH_PATHS = (
					"$(inherited)",
					"@executable_path/Frameworks",
				);
				MARKETING_VERSION = 1.0;
				PRODUCT_BUNDLE_IDENTIFIER = "${APP_BUNDLE_IDENTIFIER}";
				PRODUCT_NAME = "$(TARGET_NAME)";
				SWIFT_EMIT_LOC_STRINGS = YES;
				SWIFT_VERSION = 5.0;
				TARGETED_DEVICE_FAMILY = "1,2";
			};
			name = Release;
		};
		AAE9CB1E2E3DD62E000904E1 /* Debug */ = {
			isa = XCBuildConfiguration;
			buildSettings = {
				BUNDLE_LOADER = "$(TEST_HOST)";
				CODE_SIGN_STYLE = Automatic;
				CURRENT_PROJECT_VERSION = 1;
				DEVELOPMENT_TEAM = MSF663W3L5;
				GENERATE_INFOPLIST_FILE = YES;
				IPHONEOS_DEPLOYMENT_TARGET = 18.5;
				MARKETING_VERSION = 1.0;
				PRODUCT_BUNDLE_IDENTIFIER = com.kei.GitHubTests;
				PRODUCT_NAME = "$(TARGET_NAME)";
				SWIFT_EMIT_LOC_STRINGS = NO;
				SWIFT_VERSION = 5.0;
				TARGETED_DEVICE_FAMILY = "1,2";
				TEST_HOST = "$(BUILT_PRODUCTS_DIR)/GitHub.app/$(BUNDLE_EXECUTABLE_FOLDER_PATH)/GitHub";
			};
			name = Debug;
		};
		AAE9CB1F2E3DD62E000904E1 /* Release */ = {
			isa = XCBuildConfiguration;
			buildSettings = {
				BUNDLE_LOADER = "$(TEST_HOST)";
				CODE_SIGN_STYLE = Automatic;
				CURRENT_PROJECT_VERSION = 1;
				DEVELOPMENT_TEAM = MSF663W3L5;
				GENERATE_INFOPLIST_FILE = YES;
				IPHONEOS_DEPLOYMENT_TARGET = 18.5;
				MARKETING_VERSION = 1.0;
				PRODUCT_BUNDLE_IDENTIFIER = com.kei.GitHubTests;
				PRODUCT_NAME = "$(TARGET_NAME)";
				SWIFT_EMIT_LOC_STRINGS = NO;
				SWIFT_VERSION = 5.0;
				TARGETED_DEVICE_FAMILY = "1,2";
				TEST_HOST = "$(BUILT_PRODUCTS_DIR)/GitHub.app/$(BUNDLE_EXECUTABLE_FOLDER_PATH)/GitHub";
			};
			name = Release;
		};
		AAE9CB212E3DD62E000904E1 /* Debug */ = {
			isa = XCBuildConfiguration;
			buildSettings = {
				CODE_SIGN_STYLE = Automatic;
				CURRENT_PROJECT_VERSION = 1;
				DEVELOPMENT_TEAM = MSF663W3L5;
				GENERATE_INFOPLIST_FILE = YES;
				MARKETING_VERSION = 1.0;
				PRODUCT_BUNDLE_IDENTIFIER = com.kei.GitHubUITests;
				PRODUCT_NAME = "$(TARGET_NAME)";
				SWIFT_EMIT_LOC_STRINGS = NO;
				SWIFT_VERSION = 5.0;
				TARGETED_DEVICE_FAMILY = "1,2";
				TEST_TARGET_NAME = GitHub;
			};
			name = Debug;
		};
		AAE9CB222E3DD62E000904E1 /* Release */ = {
			isa = XCBuildConfiguration;
			buildSettings = {
				CODE_SIGN_STYLE = Automatic;
				CURRENT_PROJECT_VERSION = 1;
				DEVELOPMENT_TEAM = MSF663W3L5;
				GENERATE_INFOPLIST_FILE = YES;
				MARKETING_VERSION = 1.0;
				PRODUCT_BUNDLE_IDENTIFIER = com.kei.GitHubUITests;
				PRODUCT_NAME = "$(TARGET_NAME)";
				SWIFT_EMIT_LOC_STRINGS = NO;
				SWIFT_VERSION = 5.0;
				TARGETED_DEVICE_FAMILY = "1,2";
				TEST_TARGET_NAME = GitHub;
			};
			name = Release;
		};
/* End XCBuildConfiguration section */

/* Begin XCConfigurationList section */
		AAE9CAF42E3DD62C000904E1 /* Build configuration list for PBXProject "GitHub" */ = {
			isa = XCConfigurationList;
			buildConfigurations = (
				AAE9CB182E3DD62E000904E1 /* Debug */,
				AAE9CB192E3DD62E000904E1 /* Release */,
			);
			defaultConfigurationIsVisible = 0;
			defaultConfigurationName = Release;
		};
		AAE9CB1A2E3DD62E000904E1 /* Build configuration list for PBXNativeTarget "GitHub" */ = {
			isa = XCConfigurationList;
			buildConfigurations = (
				AAE9CB1B2E3DD62E000904E1 /* Debug */,
				AAE9CB1C2E3DD62E000904E1 /* Release */,
			);
			defaultConfigurationIsVisible = 0;
			defaultConfigurationName = Release;
		};
		AAE9CB1D2E3DD62E000904E1 /* Build configuration list for PBXNativeTarget "GitHubTests" */ = {
			isa = XCConfigurationList;
			buildConfigurations = (
				AAE9CB1E2E3DD62E000904E1 /* Debug */,
				AAE9CB1F2E3DD62E000904E1 /* Release */,
			);
			defaultConfigurationIsVisible = 0;
			defaultConfigurationName = Release;
		};
		AAE9CB202E3DD62E000904E1 /* Build configuration list for PBXNativeTarget "GitHubUITests" */ = {
			isa = XCConfigurationList;
			buildConfigurations = (
				AAE9CB212E3DD62E000904E1 /* Debug */,
				AAE9CB222E3DD62E000904E1 /* Release */,
			);
			defaultConfigurationIsVisible = 0;
			defaultConfigurationName = Release;
		};
/* End XCConfigurationList section */

/* Begin XCRemoteSwiftPackageReference section */
		AAEF765E2E71AA6000C40C1B /* XCRemoteSwiftPackageReference "Alamofire" */ = {
			isa = XCRemoteSwiftPackageReference;
			repositoryURL = "https://github.com/Alamofire/Alamofire.git";
			requirement = {
				kind = upToNextMajorVersion;
				minimumVersion = 5.10.2;
			};
		};
		AAEF76612E71AE4700C40C1B /* XCRemoteSwiftPackageReference "netfox" */ = {
			isa = XCRemoteSwiftPackageReference;
			repositoryURL = "https://github.com/kasketis/netfox";
			requirement = {
				kind = upToNextMajorVersion;
				minimumVersion = 1.21.0;
			};
		};
/* End XCRemoteSwiftPackageReference section */

/* Begin XCSwiftPackageProductDependency section */
		AAEF765F2E71AA6000C40C1B /* Alamofire */ = {
			isa = XCSwiftPackageProductDependency;
			package = AAEF765E2E71AA6000C40C1B /* XCRemoteSwiftPackageReference "Alamofire" */;
			productName = Alamofire;
		};
		AAEF76622E71AE4700C40C1B /* netfox */ = {
			isa = XCSwiftPackageProductDependency;
			package = AAEF76612E71AE4700C40C1B /* XCRemoteSwiftPackageReference "netfox" */;
			productName = netfox;
		};
/* End XCSwiftPackageProductDependency section */
	};
	rootObject = AAE9CAF12E3DD62C000904E1 /* Project object */;
}
